
Microsoft Visual Studio Solution File, Format Version 12.00
# Visual Studio 15
VisualStudioVersion = 15.0.28307.572
MinimumVisualStudioVersion = 10.0.40219.1
Project("{FAE04EC0-301F-11D3-BF4B-00C04F79EFBC}") = "MiCalculadora", "MiCalculadora\MiCalculadora.csproj", "{0F6EC4C5-3D44-466E-8AA3-A736176062A0}"
EndProject
Project("{FAE04EC0-301F-11D3-BF4B-00C04F79EFBC}") = "Entidades", "Entidades\Entidades.csproj", "{975D6C30-2B2F-4CD3-9915-35D1B970D80A}"
EndProject
Global
	GlobalSection(SolutionConfigurationPlatforms) = preSolution
		Debug|Any CPU = Debug|Any CPU
		Release|Any CPU = Release|Any CPU
	EndGlobalSection
	GlobalSection(ProjectConfigurationPlatforms) = postSolution
		{0F6EC4C5-3D44-466E-8AA3-A736176062A0}.Debug|Any CPU.ActiveCfg = Debug|Any CPU
		{0F6EC4C5-3D44-466E-8AA3-A736176062A0}.Debug|Any CPU.Build.0 = Debug|Any CPU
		{0F6EC4C5-3D44-466E-8AA3-A736176062A0}.Release|Any CPU.ActiveCfg = Release|Any CPU
		{0F6EC4C5-3D44-466E-8AA3-A736176062A0}.Release|Any CPU.Build.0 = Release|Any CPU
		{975D6C30-2B2F-4CD3-9915-35D1B970D80A}.Debug|Any CPU.ActiveCfg = Debug|Any CPU
		{975D6C30-2B2F-4CD3-9915-35D1B970D80A}.Debug|Any CPU.Build.0 = Debug|Any CPU
		{975D6C30-2B2F-4CD3-9915-35D1B970D80A}.Release|Any CPU.ActiveCfg = Release|Any CPU
		{975D6C30-2B2F-4CD3-9915-35D1B970D80A}.Release|Any CPU.Build.0 = Release|Any CPU
	EndGlobalSection
	GlobalSection(SolutionProperties) = preSolution
		HideSolutionNode = FALSE
	EndGlobalSection
	GlobalSection(ExtensibilityGlobals) = postSolution
		SolutionGuid = {C5435FC8-ACEF-4AC6-9E06-4D8D824A5C86}
	EndGlobalSection
EndGlobal
