
Microsoft Visual Studio Solution File, Format Version 12.00
# Visual Studio 15
VisualStudioVersion = 15.0.28307.572
MinimumVisualStudioVersion = 10.0.40219.1
Project("{FAE04EC0-301F-11D3-BF4B-00C04F79EFBC}") = "Guinard.Silva.Yesid.Dario.2C.TP4", "Guinard.Silva.Yesid.Dario.2C.TP4\Guinard.Silva.Yesid.Dario.2C.TP4.csproj", "{16E246B3-0A29-4649-B513-99183016E040}"
EndProject
Project("{FAE04EC0-301F-11D3-BF4B-00C04F79EFBC}") = "FrmPpal", "FrmPpal\FrmPpal.csproj", "{BCF1B103-5793-4D8D-928E-20A36EC82861}"
EndProject
Project("{FAE04EC0-301F-11D3-BF4B-00C04F79EFBC}") = "UnitTestProject1", "UnitTestProject1\UnitTestProject1.csproj", "{51BAFF46-F9C6-40ED-BD38-634988D174A7}"
EndProject
Global
	GlobalSection(SolutionConfigurationPlatforms) = preSolution
		Debug|Any CPU = Debug|Any CPU
		Release|Any CPU = Release|Any CPU
	EndGlobalSection
	GlobalSection(ProjectConfigurationPlatforms) = postSolution
		{16E246B3-0A29-4649-B513-99183016E040}.Debug|Any CPU.ActiveCfg = Debug|Any CPU
		{16E246B3-0A29-4649-B513-99183016E040}.Debug|Any CPU.Build.0 = Debug|Any CPU
		{16E246B3-0A29-4649-B513-99183016E040}.Release|Any CPU.ActiveCfg = Release|Any CPU
		{16E246B3-0A29-4649-B513-99183016E040}.Release|Any CPU.Build.0 = Release|Any CPU
		{BCF1B103-5793-4D8D-928E-20A36EC82861}.Debug|Any CPU.ActiveCfg = Debug|Any CPU
		{BCF1B103-5793-4D8D-928E-20A36EC82861}.Debug|Any CPU.Build.0 = Debug|Any CPU
		{BCF1B103-5793-4D8D-928E-20A36EC82861}.Release|Any CPU.ActiveCfg = Release|Any CPU
		{BCF1B103-5793-4D8D-928E-20A36EC82861}.Release|Any CPU.Build.0 = Release|Any CPU
		{51BAFF46-F9C6-40ED-BD38-634988D174A7}.Debug|Any CPU.ActiveCfg = Debug|Any CPU
		{51BAFF46-F9C6-40ED-BD38-634988D174A7}.Debug|Any CPU.Build.0 = Debug|Any CPU
		{51BAFF46-F9C6-40ED-BD38-634988D174A7}.Release|Any CPU.ActiveCfg = Release|Any CPU
		{51BAFF46-F9C6-40ED-BD38-634988D174A7}.Release|Any CPU.Build.0 = Release|Any CPU
	EndGlobalSection
	GlobalSection(SolutionProperties) = preSolution
		HideSolutionNode = FALSE
	EndGlobalSection
	GlobalSection(ExtensibilityGlobals) = postSolution
		SolutionGuid = {39D2ACC0-4A6B-40AF-B854-4CB40EB6A91A}
	EndGlobalSection
EndGlobal
